
Microsoft Visual Studio Solution File, Format Version 12.00
# Visual Studio Version 17
VisualStudioVersion = 17.12.35707.178
MinimumVisualStudioVersion = 10.0.40219.1
Project("{FAE04EC0-301F-11D3-BF4B-00C04F79EFBC}") = "SquareArea", "WinFormsApps_Exercise\SquareArea.csproj", "{41444620-D09A-4BB8-87FB-04F788416827}"
EndProject
Project("{FAE04EC0-301F-11D3-BF4B-00C04F79EFBC}") = "Calculator", "Calculator\Calculator.csproj", "{6CBA2388-4EA2-476B-A4EF-14B8C2E413FE}"
EndProject
Project("{FAE04EC0-301F-11D3-BF4B-00C04F79EFBC}") = "AccessCheckerApp", "AccessCheckerApp\AccessCheckerApp.csproj", "{16F9E9BA-D6F4-41E4-B925-ACAB1B58DB3C}"
EndProject
Project("{FAE04EC0-301F-11D3-BF4B-00C04F79EFBC}") = "LightToggleApp", "LightToggleApp\LightToggleApp.csproj", "{FFE9F3FD-5C00-4FFC-83E2-E408CA0DFA0E}"
EndProject
Project("{FAE04EC0-301F-11D3-BF4B-00C04F79EFBC}") = "LightToggleBulb", "LightToggleBulb\LightToggleBulb.csproj", "{26F7663A-6A79-4EE9-AA51-53C7231DB842}"
EndProject
Global
	GlobalSection(SolutionConfigurationPlatforms) = preSolution
		Debug|Any CPU = Debug|Any CPU
		Release|Any CPU = Release|Any CPU
	EndGlobalSection
	GlobalSection(ProjectConfigurationPlatforms) = postSolution
		{41444620-D09A-4BB8-87FB-04F788416827}.Debug|Any CPU.ActiveCfg = Debug|Any CPU
		{41444620-D09A-4BB8-87FB-04F788416827}.Debug|Any CPU.Build.0 = Debug|Any CPU
		{41444620-D09A-4BB8-87FB-04F788416827}.Release|Any CPU.ActiveCfg = Release|Any CPU
		{41444620-D09A-4BB8-87FB-04F788416827}.Release|Any CPU.Build.0 = Release|Any CPU
		{6CBA2388-4EA2-476B-A4EF-14B8C2E413FE}.Debug|Any CPU.ActiveCfg = Debug|Any CPU
		{6CBA2388-4EA2-476B-A4EF-14B8C2E413FE}.Debug|Any CPU.Build.0 = Debug|Any CPU
		{6CBA2388-4EA2-476B-A4EF-14B8C2E413FE}.Release|Any CPU.ActiveCfg = Release|Any CPU
		{6CBA2388-4EA2-476B-A4EF-14B8C2E413FE}.Release|Any CPU.Build.0 = Release|Any CPU
		{16F9E9BA-D6F4-41E4-B925-ACAB1B58DB3C}.Debug|Any CPU.ActiveCfg = Debug|Any CPU
		{16F9E9BA-D6F4-41E4-B925-ACAB1B58DB3C}.Debug|Any CPU.Build.0 = Debug|Any CPU
		{16F9E9BA-D6F4-41E4-B925-ACAB1B58DB3C}.Release|Any CPU.ActiveCfg = Release|Any CPU
		{16F9E9BA-D6F4-41E4-B925-ACAB1B58DB3C}.Release|Any CPU.Build.0 = Release|Any CPU
		{FFE9F3FD-5C00-4FFC-83E2-E408CA0DFA0E}.Debug|Any CPU.ActiveCfg = Debug|Any CPU
		{FFE9F3FD-5C00-4FFC-83E2-E408CA0DFA0E}.Debug|Any CPU.Build.0 = Debug|Any CPU
		{FFE9F3FD-5C00-4FFC-83E2-E408CA0DFA0E}.Release|Any CPU.ActiveCfg = Release|Any CPU
		{FFE9F3FD-5C00-4FFC-83E2-E408CA0DFA0E}.Release|Any CPU.Build.0 = Release|Any CPU
		{26F7663A-6A79-4EE9-AA51-53C7231DB842}.Debug|Any CPU.ActiveCfg = Debug|Any CPU
		{26F7663A-6A79-4EE9-AA51-53C7231DB842}.Debug|Any CPU.Build.0 = Debug|Any CPU
		{26F7663A-6A79-4EE9-AA51-53C7231DB842}.Release|Any CPU.ActiveCfg = Release|Any CPU
		{26F7663A-6A79-4EE9-AA51-53C7231DB842}.Release|Any CPU.Build.0 = Release|Any CPU
	EndGlobalSection
	GlobalSection(SolutionProperties) = preSolution
		HideSolutionNode = FALSE
	EndGlobalSection
EndGlobal
